{
  "name": "DBT-Pipeline-Plugin",
  "lockfileVersion": 3,
  "requires": true,
  "packages": {
    "": {
      "dependencies": {
        "@microsoft/powerbi-modeling-mcp": "^0.5.0-beta.4"
      }
    },
    "node_modules/@microsoft/powerbi-modeling-mcp": {
      "version": "0.5.0-beta.4",
      "resolved": "https://registry.npmjs.org/@microsoft/powerbi-modeling-mcp/-/powerbi-modeling-mcp-0.5.0-beta.4.tgz",
      "integrity": "sha512-1esJOKbJlrrqQ1Cou6Z+vWve8WV6Ls5fp+91hQMnDEUC2Ih5FpHD6+3Yih77x/A2CpwxPAFi9GMfikI5AlFN/A==",
      "cpu": [
        "x64",
        "arm64"
      ],
      "license": "Microsoft",
      "os": [
        "win32",
        "darwin",
        "linux"
      ],
      "bin": {
        "powerbi-modeling-mcp": "index.js"
      },
      "engines": {
        "node": ">=18.0.0"
      },
      "optionalDependencies": {
        "@microsoft/powerbi-modeling-mcp-darwin-arm64": "0.5.0-beta.4",
        "@microsoft/powerbi-modeling-mcp-linux-arm64": "0.5.0-beta.4",
        "@microsoft/powerbi-modeling-mcp-linux-x64": "0.5.0-beta.4",
        "@microsoft/powerbi-modeling-mcp-win32-arm64": "0.5.0-beta.4",
        "@microsoft/powerbi-modeling-mcp-win32-x64": "0.5.0-beta.4"
      }
    },
    "node_modules/@microsoft/powerbi-modeling-mcp-darwin-arm64": {
      "version": "0.5.0-beta.4",
      "resolved": "https://registry.npmjs.org/@microsoft/powerbi-modeling-mcp-darwin-arm64/-/powerbi-modeling-mcp-darwin-arm64-0.5.0-beta.4.tgz",
      "integrity": "sha512-qmgi9dJSRQXdwQ4U7lHxSIlH0JWV3h64u5NJVQT5JA5q8Lftyi2lCrKbuv3IZ113pvWWqSeeCVb/qnYyNjrb9w==",
      "cpu": [
        "arm64"
      ],
      "license": "Microsoft",
      "optional": true,
      "os": [
        "darwin"
      ],
      "bin": {
        "powerbi-modeling-mcp-darwin-arm64": "dist/powerbi-modeling-mcp"
      },
      "engines": {
        "node": ">=18.0.0"
      }
    },
    "node_modules/@microsoft/powerbi-modeling-mcp-linux-arm64": {
      "version": "0.5.0-beta.4",
      "resolved": "https://registry.npmjs.org/@microsoft/powerbi-modeling-mcp-linux-arm64/-/powerbi-modeling-mcp-linux-arm64-0.5.0-beta.4.tgz",
      "integrity": "sha512-LID6vuw4Ss+lFVLY3/zw0laqLu0E5bNfuN9f2PJqjhtdVUppI6iyihAnpDY3WEv+kgO+ge6MXCeP4wvN3OvoDw==",
      "cpu": [
        "arm64"
      ],
      "license": "Microsoft",
      "optional": true,
      "os": [
        "linux"
      ],
      "bin": {
        "powerbi-modeling-mcp-linux-arm64": "dist/powerbi-modeling-mcp"
      },
      "engines": {
        "node": ">=18.0.0"
      }
    },
    "node_modules/@microsoft/powerbi-modeling-mcp-linux-x64": {
      "version": "0.5.0-beta.4",
      "resolved": "https://registry.npmjs.org/@microsoft/powerbi-modeling-mcp-linux-x64/-/powerbi-modeling-mcp-linux-x64-0.5.0-beta.4.tgz",
      "integrity": "sha512-kqkISYGoXj/DEEBxv7jgQom2kdeY6R8ciqz77UtqHbOk130ebn5SGhRzuiPesD4h0yjKFsG9RXrHt6yKr65oYQ==",
      "cpu": [
        "x64"
      ],
      "license": "Microsoft",
      "optional": true,
      "os": [
        "linux"
      ],
      "bin": {
        "powerbi-modeling-mcp-linux-x64": "dist/powerbi-modeling-mcp"
      },
      "engines": {
        "node": ">=18.0.0"
      }
    },
    "node_modules/@microsoft/powerbi-modeling-mcp-win32-arm64": {
      "version": "0.5.0-beta.4",
      "resolved": "https://registry.npmjs.org/@microsoft/powerbi-modeling-mcp-win32-arm64/-/powerbi-modeling-mcp-win32-arm64-0.5.0-beta.4.tgz",
      "integrity": "sha512-VMKTc3d7VXClQvrgTZ8I7K3d9pR14OswFtkhfzDexauzAH/3EccSsE9FWGOPs4m0oFDYIlBi04Y+8vbDh/OgOg==",
      "cpu": [
        "arm64"
      ],
      "license": "Microsoft",
      "optional": true,
      "os": [
        "win32"
      ],
      "bin": {
        "powerbi-modeling-mcp-win32-arm64": "dist/powerbi-modeling-mcp.exe"
      },
      "engines": {
        "node": ">=18.0.0"
      }
    },
    "node_modules/@microsoft/powerbi-modeling-mcp-win32-x64": {
      "version": "0.5.0-beta.4",
      "resolved": "https://registry.npmjs.org/@microsoft/powerbi-modeling-mcp-win32-x64/-/powerbi-modeling-mcp-win32-x64-0.5.0-beta.4.tgz",
      "integrity": "sha512-ySYjKlsJvjrpgLLiZuoq65PWRWCkhQPjn3BmhHfcgLx+hFtfN7XJez8FPbPTaFFb1QFTMCqsZ8xgWD493R/EPA==",
      "cpu": [
        "x64"
      ],
      "license": "Microsoft",
      "optional": true,
      "os": [
        "win32"
      ],
      "bin": {
        "powerbi-modeling-mcp-win32-x64": "dist/powerbi-modeling-mcp.exe"
      },
      "engines": {
        "node": ">=18.0.0"
      }
    }
  }
}
